
Microsoft Visual Studio Solution File, Format Version 12.00
# Visual Studio Version 17
VisualStudioVersion = 17.14.36203.30 d17.14
MinimumVisualStudioVersion = 10.0.40219.1
Project("{FAE04EC0-301F-11D3-BF4B-00C04F79EFBC}") = "WinTerpreters.Tests", "WinTerpreters.Tests\WinTerpreters.Tests.csproj", "{9535BFAF-FCB7-47B4-9B18-BECECE80664A}"
EndProject
Project("{FAE04EC0-301F-11D3-BF4B-00C04F79EFBC}") = "WinTerpDesktop", "WinTerpDesktop\WinTerpDesktop.csproj", "{C1285FC9-3410-41BC-95CA-D80CDC00C2AB}"
EndProject
Global
	GlobalSection(SolutionConfigurationPlatforms) = preSolution
		Debug|Any CPU = Debug|Any CPU
		Release|Any CPU = Release|Any CPU
	EndGlobalSection
	GlobalSection(ProjectConfigurationPlatforms) = postSolution
		{9535BFAF-FCB7-47B4-9B18-BECECE80664A}.Debug|Any CPU.ActiveCfg = Debug|Any CPU
		{9535BFAF-FCB7-47B4-9B18-BECECE80664A}.Debug|Any CPU.Build.0 = Debug|Any CPU
		{9535BFAF-FCB7-47B4-9B18-BECECE80664A}.Release|Any CPU.ActiveCfg = Release|Any CPU
		{9535BFAF-FCB7-47B4-9B18-BECECE80664A}.Release|Any CPU.Build.0 = Release|Any CPU
		{C1285FC9-3410-41BC-95CA-D80CDC00C2AB}.Debug|Any CPU.ActiveCfg = Debug|Any CPU
		{C1285FC9-3410-41BC-95CA-D80CDC00C2AB}.Debug|Any CPU.Build.0 = Debug|Any CPU
		{C1285FC9-3410-41BC-95CA-D80CDC00C2AB}.Release|Any CPU.ActiveCfg = Release|Any CPU
		{C1285FC9-3410-41BC-95CA-D80CDC00C2AB}.Release|Any CPU.Build.0 = Release|Any CPU
	EndGlobalSection
	GlobalSection(SolutionProperties) = preSolution
		HideSolutionNode = FALSE
	EndGlobalSection
	GlobalSection(ExtensibilityGlobals) = postSolution
		SolutionGuid = {E7EBCBD4-0478-4D67-8E19-6511316C40A8}
	EndGlobalSection
EndGlobal
